
Microsoft Visual Studio Solution File, Format Version 12.00
Project("{FAE04EC0-301F-11D3-BF4B-00C04F79EFBC}") = "InitialOrderServer", "InitialOrderServer\InitialOrderServer.csproj", "{F6985E39-DF81-414C-B1F6-2C4ACE714CA3}"
EndProject
Project("{FAE04EC0-301F-11D3-BF4B-00C04F79EFBC}") = "TestInitialOrderServer", "TestInitialOrderServer\TestInitialOrderServer.csproj", "{A3F3C3DC-B773-4DD9-97BA-CFCC706664EA}"
EndProject
Global
	GlobalSection(SolutionConfigurationPlatforms) = preSolution
		Debug|Any CPU = Debug|Any CPU
		Release|Any CPU = Release|Any CPU
	EndGlobalSection
	GlobalSection(ProjectConfigurationPlatforms) = postSolution
		{F6985E39-DF81-414C-B1F6-2C4ACE714CA3}.Debug|Any CPU.ActiveCfg = Debug|Any CPU
		{F6985E39-DF81-414C-B1F6-2C4ACE714CA3}.Debug|Any CPU.Build.0 = Debug|Any CPU
		{F6985E39-DF81-414C-B1F6-2C4ACE714CA3}.Release|Any CPU.ActiveCfg = Release|Any CPU
		{F6985E39-DF81-414C-B1F6-2C4ACE714CA3}.Release|Any CPU.Build.0 = Release|Any CPU
		{A3F3C3DC-B773-4DD9-97BA-CFCC706664EA}.Debug|Any CPU.ActiveCfg = Debug|Any CPU
		{A3F3C3DC-B773-4DD9-97BA-CFCC706664EA}.Debug|Any CPU.Build.0 = Debug|Any CPU
		{A3F3C3DC-B773-4DD9-97BA-CFCC706664EA}.Release|Any CPU.ActiveCfg = Release|Any CPU
		{A3F3C3DC-B773-4DD9-97BA-CFCC706664EA}.Release|Any CPU.Build.0 = Release|Any CPU
	EndGlobalSection
EndGlobal
